
Microsoft Visual Studio Solution File, Format Version 12.00
# Visual Studio Version 16
VisualStudioVersion = 16.0.31205.134
MinimumVisualStudioVersion = 10.0.40219.1
Project("{FAE04EC0-301F-11D3-BF4B-00C04F79EFBC}") = "RedisSampleAPI", "RedisSampleAPI\RedisSampleAPI.csproj", "{BC0D56B6-CD17-4C6D-A802-EF6FEC5E7F5C}"
EndProject
Global
	GlobalSection(SolutionConfigurationPlatforms) = preSolution
		Debug|Any CPU = Debug|Any CPU
		Release|Any CPU = Release|Any CPU
	EndGlobalSection
	GlobalSection(ProjectConfigurationPlatforms) = postSolution
		{BC0D56B6-CD17-4C6D-A802-EF6FEC5E7F5C}.Debug|Any CPU.ActiveCfg = Debug|Any CPU
		{BC0D56B6-CD17-4C6D-A802-EF6FEC5E7F5C}.Debug|Any CPU.Build.0 = Debug|Any CPU
		{BC0D56B6-CD17-4C6D-A802-EF6FEC5E7F5C}.Release|Any CPU.ActiveCfg = Release|Any CPU
		{BC0D56B6-CD17-4C6D-A802-EF6FEC5E7F5C}.Release|Any CPU.Build.0 = Release|Any CPU
	EndGlobalSection
	GlobalSection(SolutionProperties) = preSolution
		HideSolutionNode = FALSE
	EndGlobalSection
	GlobalSection(ExtensibilityGlobals) = postSolution
		SolutionGuid = {FE8998E4-8AB9-44B9-B860-79B444044F32}
	EndGlobalSection
EndGlobal
